
Microsoft Visual Studio Solution File, Format Version 12.00
# Visual Studio Version 17
VisualStudioVersion = 17.9.34902.65
MinimumVisualStudioVersion = 10.0.40219.1
Project("{FAE04EC0-301F-11D3-BF4B-00C04F79EFBC}") = "IActionResultExample", "IActionResultExample\IActionResultExample.csproj", "{1FDAE1BE-1CBC-452A-B8C9-971743B5248F}"
EndProject
Global
	GlobalSection(SolutionConfigurationPlatforms) = preSolution
		Debug|Any CPU = Debug|Any CPU
		Release|Any CPU = Release|Any CPU
	EndGlobalSection
	GlobalSection(ProjectConfigurationPlatforms) = postSolution
		{1FDAE1BE-1CBC-452A-B8C9-971743B5248F}.Debug|Any CPU.ActiveCfg = Debug|Any CPU
		{1FDAE1BE-1CBC-452A-B8C9-971743B5248F}.Debug|Any CPU.Build.0 = Debug|Any CPU
		{1FDAE1BE-1CBC-452A-B8C9-971743B5248F}.Release|Any CPU.ActiveCfg = Release|Any CPU
		{1FDAE1BE-1CBC-452A-B8C9-971743B5248F}.Release|Any CPU.Build.0 = Release|Any CPU
	EndGlobalSection
	GlobalSection(SolutionProperties) = preSolution
		HideSolutionNode = FALSE
	EndGlobalSection
	GlobalSection(ExtensibilityGlobals) = postSolution
		SolutionGuid = {2031C82D-F9C2-460E-B5A4-FD667E080F0E}
	EndGlobalSection
EndGlobal
